
Microsoft Visual Studio Solution File, Format Version 12.00
# Visual Studio Version 16
VisualStudioVersion = 16.0.30320.27
MinimumVisualStudioVersion = 10.0.40219.1
Project("{FAE04EC0-301F-11D3-BF4B-00C04F79EFBC}") = "EscitalaAPI", "EscitalaAPI\EscitalaAPI.csproj", "{32E7DF1A-736A-41B6-B5C2-2A8975F72F1F}"
EndProject
Project("{FAE04EC0-301F-11D3-BF4B-00C04F79EFBC}") = "EscitalaAPI.Tests", "EscitalaAPI.Tests\EscitalaAPI.Tests.csproj", "{D7C839DB-456C-4893-B3DA-A1982E4F3DDD}"
EndProject
Global
	GlobalSection(SolutionConfigurationPlatforms) = preSolution
		Debug|Any CPU = Debug|Any CPU
		Release|Any CPU = Release|Any CPU
	EndGlobalSection
	GlobalSection(ProjectConfigurationPlatforms) = postSolution
		{32E7DF1A-736A-41B6-B5C2-2A8975F72F1F}.Debug|Any CPU.ActiveCfg = Debug|Any CPU
		{32E7DF1A-736A-41B6-B5C2-2A8975F72F1F}.Debug|Any CPU.Build.0 = Debug|Any CPU
		{32E7DF1A-736A-41B6-B5C2-2A8975F72F1F}.Release|Any CPU.ActiveCfg = Release|Any CPU
		{32E7DF1A-736A-41B6-B5C2-2A8975F72F1F}.Release|Any CPU.Build.0 = Release|Any CPU
		{D7C839DB-456C-4893-B3DA-A1982E4F3DDD}.Debug|Any CPU.ActiveCfg = Debug|Any CPU
		{D7C839DB-456C-4893-B3DA-A1982E4F3DDD}.Debug|Any CPU.Build.0 = Debug|Any CPU
		{D7C839DB-456C-4893-B3DA-A1982E4F3DDD}.Release|Any CPU.ActiveCfg = Release|Any CPU
		{D7C839DB-456C-4893-B3DA-A1982E4F3DDD}.Release|Any CPU.Build.0 = Release|Any CPU
	EndGlobalSection
	GlobalSection(SolutionProperties) = preSolution
		HideSolutionNode = FALSE
	EndGlobalSection
	GlobalSection(ExtensibilityGlobals) = postSolution
		SolutionGuid = {F3480FE6-5CBD-46F1-980C-49B25BCBAE2F}
	EndGlobalSection
EndGlobal
